{
  "name": "app",
  "version": "0.1.0",
  "lockfileVersion": 1,
  "requires": true,
  "dependencies": {
    "axios": {
      "version": "1.7.7",
      "resolved": "https://registry.npmjs.org/axios/-/axios-1.7.7.tgz",
      "integrity": "sha512-+JjOA0x7mIzJhWg8GfnqgNnaKZSfDW3fYS9bfB3jmB/KQD8lT4d5lIksydkSMIbXAqRyI9ryICaAcMoVFb0wg=="
    },
    "json5": {
      "version": "2.2.3",
      "resolved": "https://registry.npmjs.org/json5/-/json5-2.2.3.tgz",
      "integrity": "sha512-XmOWe7eyHYH14cLdVPoyg+GOH3rYX++KpzynvXc40lpnqkUiyEuNK5Ub+DwWCOtrafH5in+nCMwvunV4i+qZZQ==",
      "requires": {
        "minimist": "^1.2.8"
      }
    },
    "follow-redirects": {
      "version": "1.15.6",
      "resolved": "https://registry.npmjs.org/follow-redirects/-/follow-redirects-1.15.6.tgz",
      "integrity": "sha512-wWN62YITEaLJRU6e98uk3xfUMA3gV7v6e87/LAWoJsprkMkU3c7L+uvJkfvJ9ejMW5hUO5pIsPnujXsDAnLP1g=="
    },
    "minimist": {
      "version": "1.2.8",
      "resolved": "https://registry.npmjs.org/minimist/-/minimist-1.2.8.tgz",
      "integrity": "sha512-2yyAR8qBkN3YausSydP7SHS31QEQpLiMigV4YM5xqWFJön5Uid4PvAQ+8eyAKMUePjGskHt6+ZJ6YVNT06MQbQ=="
    }
  }
}
