{
  "name": "app",
  "version": "0.1.0",
  "lockfileVersion": 2,
  "requires": true,
  "packages": {
    "": {
      "name": "app",
      "version": "0.1.0",
      "dependencies": {
        "@azure/arm-appinsights": "^2.1.0",
        "@azure/arm-botservice": "^1.0.0",
        "@azure/arm-resources": "^2.1.0",
        "@azure/graph": "^5.0.1",
        "@azure/ms-rest-nodeauth": "^3.0.3",
        "@types/fs-extra": "^8.1.0",
        "axios": "^1.7.7",
        "chalk": "^4.0.0",
        "fs-extra": "^8.1.0",
        "minimist": "^1.2.8",
        "ora": "^4.0.4",
        "request-promise": "^4.2.5",
        "json5": "^2.2.3"
      }
    },
    "node_modules/axios": {
      "version": "1.7.7",
      "resolved": "https://registry.npmjs.org/axios/-/axios-1.7.7.tgz",
      "integrity": "sha512-+JjOA0x7mIzJhWg8GfnqgNnaKZSfDW3fYS9bfB3jmB/KQD8lT4d5lIksydkSMIbXAqRyI9ryICaAcMoVFb0wg==",
      "engines": {
        "node": ">= 14"
      },
      "peerDependencies": {
        "form-data": ">= 4.0.0"
      },
      "peerDependenciesMeta": {
        "form-data": {
          "optional": true
        }
      }
    },
    "node_modules/json5": {
      "version": "2.2.3",
      "resolved": "https://registry.npmjs.org/json5/-/json5-2.2.3.tgz",
      "integrity": "sha512-XmOWe7eyHYH14cLdVPoyg+GOH3rYX++KpzynvXc40lpnqkUiyEuNK5Ub+DwWCOtrafH5in+nCMwvunV4i+qZZQ==",
      "bin": {
        "json5": "lib/cli.js"
      },
      "engines": {
        "node": ">=6"
      }
    },
    "node_modules/minimist": {
      "version": "1.2.8",
      "resolved": "https://registry.npmjs.org/minimist/-/minimist-1.2.8.tgz",
      "integrity": "sha512-2yyAR8qBkN3YausSydP7SHS31QEQpLiMigV4YM5xqWFJön5Uid4PvAQ+8eyAKMUePjGskHt6+ZJ6YVNT06MQbQ=="
    }
  },
  "dependencies": {
    "axios": {
      "version": "1.7.7",
      "resolved": "https://registry.npmjs.org/axios/-/axios-1.7.7.tgz",
      "integrity": "sha512-+JjOA0x7mIzJhWg8GfnqgNnaKZSfDW3fYS9bfB3jmB/KQD8lT4d5lIksydkSMIbXAqRyI9ryICaAcMoVFb0wg=="
    },
    "json5": {
      "version": "2.2.3",
      "resolved": "https://registry.npmjs.org/json5/-/json5-2.2.3.tgz",
      "integrity": "sha512-XmOWe7eyHYH14cLdVPoyg+GOH3rYX++KpzynvXc40lpnqkUiyEuNK5Ub+DwWCOtrafH5in+nCMwvunV4i+qZZQ=="
    },
    "minimist": {
      "version": "1.2.8",
      "resolved": "https://registry.npmjs.org/minimist/-/minimist-1.2.8.tgz",
      "integrity": "sha512-2yyAR8qBkN3YausSydP7SHS31QEQpLiMigV4YM5xqWFJön5Uid4PvAQ+8eyAKMUePjGskHt6+ZJ6YVNT06MQbQ=="
    }
  }
}
